
Microsoft Visual Studio Solution File, Format Version 11.00
# Visual C++ Express 2010
Project("{8BC9CEB8-8B4A-11D0-8D11-00A0C91BC942}") = "Elibor", "Elibor\Elibor.vcxproj", "{96D32D0B-DFAD-4270-88C3-EDD69AF52F81}"
EndProject
Global
	GlobalSection(SolutionConfigurationPlatforms) = preSolution
		Debug|Win32 = Debug|Win32
		Release|Win32 = Release|Win32
	EndGlobalSection
	GlobalSection(ProjectConfigurationPlatforms) = postSolution
		{96D32D0B-DFAD-4270-88C3-EDD69AF52F81}.Debug|Win32.ActiveCfg = Debug|Win32
		{96D32D0B-DFAD-4270-88C3-EDD69AF52F81}.Debug|Win32.Build.0 = Debug|Win32
		{96D32D0B-DFAD-4270-88C3-EDD69AF52F81}.Release|Win32.ActiveCfg = Release|Win32
		{96D32D0B-DFAD-4270-88C3-EDD69AF52F81}.Release|Win32.Build.0 = Release|Win32
	EndGlobalSection
	GlobalSection(SolutionProperties) = preSolution
		HideSolutionNode = FALSE
	EndGlobalSection
EndGlobal
